
Microsoft Visual Studio Solution File, Format Version 12.00
# Visual Studio Version 17
VisualStudioVersion = 17.13.35931.197 d17.13
MinimumVisualStudioVersion = 10.0.40219.1
Project("{FAE04EC0-301F-11D3-BF4B-00C04F79EFBC}") = "BodyCheck", "BodyCheck\BodyCheck.csproj", "{5A7110A0-BDDD-4BA4-9EEB-9BB948AD018D}"
EndProject
Global
	GlobalSection(SolutionConfigurationPlatforms) = preSolution
		Debug|Any CPU = Debug|Any CPU
		Release|Any CPU = Release|Any CPU
	EndGlobalSection
	GlobalSection(ProjectConfigurationPlatforms) = postSolution
		{5A7110A0-BDDD-4BA4-9EEB-9BB948AD018D}.Debug|Any CPU.ActiveCfg = Debug|Any CPU
		{5A7110A0-BDDD-4BA4-9EEB-9BB948AD018D}.Debug|Any CPU.Build.0 = Debug|Any CPU
		{5A7110A0-BDDD-4BA4-9EEB-9BB948AD018D}.Release|Any CPU.ActiveCfg = Release|Any CPU
		{5A7110A0-BDDD-4BA4-9EEB-9BB948AD018D}.Release|Any CPU.Build.0 = Release|Any CPU
	EndGlobalSection
	GlobalSection(SolutionProperties) = preSolution
		HideSolutionNode = FALSE
	EndGlobalSection
	GlobalSection(ExtensibilityGlobals) = postSolution
		SolutionGuid = {7A964913-9313-40E5-AA3B-5868A9026013}
	EndGlobalSection
EndGlobal
